{
  "object": {
    "pins": [
      {
        "package": "FileSelectorView",
        "repositoryURL": "https://github.com/Nef10/FileSelectorView.git",
        "state": {
          "branch": null,
          "revision": "d6173b5a86de42bacf0dcd6f9f04f4144bed8f7f",
          "version": "1.0.0"
        }
      },
      {
        "package": "KeychainAccess",
        "repositoryURL": "https://github.com/kishikawakatsumi/KeychainAccess.git",
        "state": {
          "branch": null,
          "revision": "3d0ea2c0806791abcc5d7f0d9f62f1cfd4a7264d",
          "version": "4.2.0"
        }
      },
      {
        "package": "SwiftBeanCountModel",
        "repositoryURL": "https://github.com/Nef10/SwiftBeanCountModel.git",
        "state": {
          "branch": null,
          "revision": "61a3e655f2e9333be06c0a96d7974fa0f1b3434a",
          "version": "0.1.2"
        }
      },
      {
        "package": "SwiftBeanCountParser",
        "repositoryURL": "https://github.com/Nef10/SwiftBeanCountParser.git",
        "state": {
          "branch": null,
          "revision": "3fc2478c0c84cade910148ea153f71085c5b89e3",
          "version": "0.1.3"
        }
      },
      {
        "package": "WealthsimpleDownloader",
        "repositoryURL": "https://github.com/Nef10/WealthsimpleDownloader.git",
        "state": {
          "branch": null,
          "revision": "47d3d597434ef70567a7dccdef04d908cae34639",
          "version": "0.0.3"
        }
      }
    ]
  },
  "version": 1
}
