{
  "object": {
    "pins": [
      {
        "package": "FileSelectorView",
        "repositoryURL": "https://github.com/Nef10/FileSelectorView.git",
        "state": {
          "branch": null,
          "revision": "d6173b5a86de42bacf0dcd6f9f04f4144bed8f7f",
          "version": "1.0.0"
        }
      },
      {
        "package": "KeychainAccess",
        "repositoryURL": "https://github.com/kishikawakatsumi/KeychainAccess.git",
        "state": {
          "branch": null,
          "revision": "3d0ea2c0806791abcc5d7f0d9f62f1cfd4a7264d",
          "version": "4.2.0"
        }
      },
      {
        "package": "SwiftBeanCountModel",
        "repositoryURL": "https://github.com/Nef10/SwiftBeanCountModel.git",
        "state": {
          "branch": null,
          "revision": "1fcdc768240eee7d35514f18ec1276a402f295c8",
          "version": "0.1.5"
        }
      },
      {
        "package": "SwiftBeanCountParser",
        "repositoryURL": "https://github.com/Nef10/SwiftBeanCountParser.git",
        "state": {
          "branch": null,
          "revision": "0791cca4a992a8bd2be315509aeef82887c89ae9",
          "version": "0.1.7"
        }
      },
      {
        "package": "WealthsimpleDownloader",
        "repositoryURL": "https://github.com/Nef10/WealthsimpleDownloader.git",
        "state": {
          "branch": null,
          "revision": "3b213648c5f9cf0fd4d2db7a5de5dd8a70fce4ab",
          "version": "0.1.1"
        }
      }
    ]
  },
  "version": 1
}
