// !$*UTF8*$!
{
	archiveVersion = 1;
	classes = {
	};
	objectVersion = 52;
	objects = {

/* Begin PBXBuildFile section */
		F92AFC2524D549C000A058CC /* SwiftBeanCountWealthsimpleMapper in Frameworks */ = {isa = PBXBuildFile; productRef = F92AFC2424D549C000A058CC /* SwiftBeanCountWealthsimpleMapper */; };
		F92AFC2D24D54CAA00A058CC /* SwiftBeanCountDownloaderAppUITests.swift in Sources */ = {isa = PBXBuildFile; fileRef = F92AFC2C24D54CAA00A058CC /* SwiftBeanCountDownloaderAppUITests.swift */; };
		F92AFC3B24D54CFC00A058CC /* SwiftBeanCountDownloaderAppTests.swift in Sources */ = {isa = PBXBuildFile; fileRef = F92AFC3A24D54CFC00A058CC /* SwiftBeanCountDownloaderAppTests.swift */; };
		F97B530C24BD917500255DBA /* KeychainAccess in Frameworks */ = {isa = PBXBuildFile; productRef = F97B530B24BD917500255DBA /* KeychainAccess */; };
		F97B530F24BEDEA400255DBA /* Model.swift in Sources */ = {isa = PBXBuildFile; fileRef = F97B530E24BEDEA400255DBA /* Model.swift */; };
		F97C212E24BC2297006C91C7 /* SwiftBeanCountDownloader.swift in Sources */ = {isa = PBXBuildFile; fileRef = F97C212D24BC2297006C91C7 /* SwiftBeanCountDownloader.swift */; };
		F97C213024BC2297006C91C7 /* ContentView.swift in Sources */ = {isa = PBXBuildFile; fileRef = F97C212F24BC2297006C91C7 /* ContentView.swift */; };
		F97C213224BC2299006C91C7 /* Assets.xcassets in Resources */ = {isa = PBXBuildFile; fileRef = F97C213124BC2299006C91C7 /* Assets.xcassets */; };
		F97C215724BC36DB006C91C7 /* FileSelectorView in Frameworks */ = {isa = PBXBuildFile; productRef = F97C215624BC36DB006C91C7 /* FileSelectorView */; };
		F9E8C6F224C41151000A2F66 /* SwiftBeanCountModel in Frameworks */ = {isa = PBXBuildFile; productRef = F9E8C6F124C41151000A2F66 /* SwiftBeanCountModel */; };
		F9E8C6F724C41CAD000A2F66 /* SwiftBeanCountParser in Frameworks */ = {isa = PBXBuildFile; productRef = F9E8C6F624C41CAD000A2F66 /* SwiftBeanCountParser */; };
		F9ECEF8524CE7555004E8CAC /* Wealthsimple in Frameworks */ = {isa = PBXBuildFile; productRef = F9ECEF8424CE7555004E8CAC /* Wealthsimple */; };
/* End PBXBuildFile section */

/* Begin PBXContainerItemProxy section */
		F92AFC2F24D54CAA00A058CC /* PBXContainerItemProxy */ = {
			isa = PBXContainerItemProxy;
			containerPortal = F97C212224BC2297006C91C7 /* Project object */;
			proxyType = 1;
			remoteGlobalIDString = F97C212924BC2297006C91C7;
			remoteInfo = SwiftBeanCountDownloaderApp;
		};
		F92AFC3D24D54CFC00A058CC /* PBXContainerItemProxy */ = {
			isa = PBXContainerItemProxy;
			containerPortal = F97C212224BC2297006C91C7 /* Project object */;
			proxyType = 1;
			remoteGlobalIDString = F97C212924BC2297006C91C7;
			remoteInfo = SwiftBeanCountDownloaderApp;
		};
/* End PBXContainerItemProxy section */

/* Begin PBXFileReference section */
		F92AFC2A24D54CAA00A058CC /* SwiftBeanCountDownloaderAppUITests.xctest */ = {isa = PBXFileReference; explicitFileType = wrapper.cfbundle; includeInIndex = 0; path = SwiftBeanCountDownloaderAppUITests.xctest; sourceTree = BUILT_PRODUCTS_DIR; };
		F92AFC2C24D54CAA00A058CC /* SwiftBeanCountDownloaderAppUITests.swift */ = {isa = PBXFileReference; lastKnownFileType = sourcecode.swift; path = SwiftBeanCountDownloaderAppUITests.swift; sourceTree = "<group>"; };
		F92AFC2E24D54CAA00A058CC /* Info.plist */ = {isa = PBXFileReference; lastKnownFileType = text.plist.xml; path = Info.plist; sourceTree = "<group>"; };
		F92AFC3824D54CFC00A058CC /* SwiftBeanCountDownloaderAppTests.xctest */ = {isa = PBXFileReference; explicitFileType = wrapper.cfbundle; includeInIndex = 0; path = SwiftBeanCountDownloaderAppTests.xctest; sourceTree = BUILT_PRODUCTS_DIR; };
		F92AFC3A24D54CFC00A058CC /* SwiftBeanCountDownloaderAppTests.swift */ = {isa = PBXFileReference; lastKnownFileType = sourcecode.swift; path = SwiftBeanCountDownloaderAppTests.swift; sourceTree = "<group>"; };
		F92AFC3C24D54CFC00A058CC /* Info.plist */ = {isa = PBXFileReference; lastKnownFileType = text.plist.xml; path = Info.plist; sourceTree = "<group>"; };
		F97B530E24BEDEA400255DBA /* Model.swift */ = {isa = PBXFileReference; lastKnownFileType = sourcecode.swift; path = Model.swift; sourceTree = "<group>"; };
		F97C212A24BC2297006C91C7 /* SwiftBeanCountDownloaderApp.app */ = {isa = PBXFileReference; explicitFileType = wrapper.application; includeInIndex = 0; path = SwiftBeanCountDownloaderApp.app; sourceTree = BUILT_PRODUCTS_DIR; };
		F97C212D24BC2297006C91C7 /* SwiftBeanCountDownloader.swift */ = {isa = PBXFileReference; lastKnownFileType = sourcecode.swift; path = SwiftBeanCountDownloader.swift; sourceTree = "<group>"; };
		F97C212F24BC2297006C91C7 /* ContentView.swift */ = {isa = PBXFileReference; lastKnownFileType = sourcecode.swift; path = ContentView.swift; sourceTree = "<group>"; };
		F97C213124BC2299006C91C7 /* Assets.xcassets */ = {isa = PBXFileReference; lastKnownFileType = folder.assetcatalog; path = Assets.xcassets; sourceTree = "<group>"; };
		F97C213624BC2299006C91C7 /* Info.plist */ = {isa = PBXFileReference; lastKnownFileType = text.plist.xml; path = Info.plist; sourceTree = "<group>"; };
		F97C213724BC2299006C91C7 /* SwiftBeanCountDownloaderApp.entitlements */ = {isa = PBXFileReference; lastKnownFileType = text.plist.entitlements; path = SwiftBeanCountDownloaderApp.entitlements; sourceTree = "<group>"; };
/* End PBXFileReference section */

/* Begin PBXFrameworksBuildPhase section */
		F92AFC2724D54CAA00A058CC /* Frameworks */ = {
			isa = PBXFrameworksBuildPhase;
			buildActionMask = 2147483647;
			files = (
			);
			runOnlyForDeploymentPostprocessing = 0;
		};
		F92AFC3524D54CFC00A058CC /* Frameworks */ = {
			isa = PBXFrameworksBuildPhase;
			buildActionMask = 2147483647;
			files = (
			);
			runOnlyForDeploymentPostprocessing = 0;
		};
		F97C212724BC2297006C91C7 /* Frameworks */ = {
			isa = PBXFrameworksBuildPhase;
			buildActionMask = 2147483647;
			files = (
				F9E8C6F224C41151000A2F66 /* SwiftBeanCountModel in Frameworks */,
				F97C215724BC36DB006C91C7 /* FileSelectorView in Frameworks */,
				F92AFC2524D549C000A058CC /* SwiftBeanCountWealthsimpleMapper in Frameworks */,
				F9E8C6F724C41CAD000A2F66 /* SwiftBeanCountParser in Frameworks */,
				F9ECEF8524CE7555004E8CAC /* Wealthsimple in Frameworks */,
				F97B530C24BD917500255DBA /* KeychainAccess in Frameworks */,
			);
			runOnlyForDeploymentPostprocessing = 0;
		};
/* End PBXFrameworksBuildPhase section */

/* Begin PBXGroup section */
		F92AFC2B24D54CAA00A058CC /* SwiftBeanCountDownloaderAppUITests */ = {
			isa = PBXGroup;
			children = (
				F92AFC2C24D54CAA00A058CC /* SwiftBeanCountDownloaderAppUITests.swift */,
				F92AFC2E24D54CAA00A058CC /* Info.plist */,
			);
			path = SwiftBeanCountDownloaderAppUITests;
			sourceTree = "<group>";
		};
		F92AFC3924D54CFC00A058CC /* SwiftBeanCountDownloaderAppTests */ = {
			isa = PBXGroup;
			children = (
				F92AFC3A24D54CFC00A058CC /* SwiftBeanCountDownloaderAppTests.swift */,
				F92AFC3C24D54CFC00A058CC /* Info.plist */,
			);
			path = SwiftBeanCountDownloaderAppTests;
			sourceTree = "<group>";
		};
		F97C212124BC2297006C91C7 = {
			isa = PBXGroup;
			children = (
				F97C212C24BC2297006C91C7 /* SwiftBeanCountDownloaderApp */,
				F92AFC2B24D54CAA00A058CC /* SwiftBeanCountDownloaderAppUITests */,
				F92AFC3924D54CFC00A058CC /* SwiftBeanCountDownloaderAppTests */,
				F97C212B24BC2297006C91C7 /* Products */,
				F97C213F24BC25DE006C91C7 /* Frameworks */,
			);
			sourceTree = "<group>";
		};
		F97C212B24BC2297006C91C7 /* Products */ = {
			isa = PBXGroup;
			children = (
				F97C212A24BC2297006C91C7 /* SwiftBeanCountDownloaderApp.app */,
				F92AFC2A24D54CAA00A058CC /* SwiftBeanCountDownloaderAppUITests.xctest */,
				F92AFC3824D54CFC00A058CC /* SwiftBeanCountDownloaderAppTests.xctest */,
			);
			name = Products;
			sourceTree = "<group>";
		};
		F97C212C24BC2297006C91C7 /* SwiftBeanCountDownloaderApp */ = {
			isa = PBXGroup;
			children = (
				F97C212D24BC2297006C91C7 /* SwiftBeanCountDownloader.swift */,
				F97C212F24BC2297006C91C7 /* ContentView.swift */,
				F97B530E24BEDEA400255DBA /* Model.swift */,
				F97C213124BC2299006C91C7 /* Assets.xcassets */,
				F97C213624BC2299006C91C7 /* Info.plist */,
				F97C213724BC2299006C91C7 /* SwiftBeanCountDownloaderApp.entitlements */,
			);
			path = SwiftBeanCountDownloaderApp;
			sourceTree = "<group>";
		};
		F97C213F24BC25DE006C91C7 /* Frameworks */ = {
			isa = PBXGroup;
			children = (
			);
			name = Frameworks;
			sourceTree = "<group>";
		};
/* End PBXGroup section */

/* Begin PBXNativeTarget section */
		F92AFC2924D54CAA00A058CC /* SwiftBeanCountDownloaderAppUITests */ = {
			isa = PBXNativeTarget;
			buildConfigurationList = F92AFC3124D54CAA00A058CC /* Build configuration list for PBXNativeTarget "SwiftBeanCountDownloaderAppUITests" */;
			buildPhases = (
				F92AFC2624D54CAA00A058CC /* Sources */,
				F92AFC2724D54CAA00A058CC /* Frameworks */,
				F92AFC2824D54CAA00A058CC /* Resources */,
			);
			buildRules = (
			);
			dependencies = (
				F92AFC3024D54CAA00A058CC /* PBXTargetDependency */,
			);
			name = SwiftBeanCountDownloaderAppUITests;
			productName = SwiftBeanCountDownloaderAppUITests;
			productReference = F92AFC2A24D54CAA00A058CC /* SwiftBeanCountDownloaderAppUITests.xctest */;
			productType = "com.apple.product-type.bundle.ui-testing";
		};
		F92AFC3724D54CFC00A058CC /* SwiftBeanCountDownloaderAppTests */ = {
			isa = PBXNativeTarget;
			buildConfigurationList = F92AFC3F24D54CFC00A058CC /* Build configuration list for PBXNativeTarget "SwiftBeanCountDownloaderAppTests" */;
			buildPhases = (
				F92AFC3424D54CFC00A058CC /* Sources */,
				F92AFC3524D54CFC00A058CC /* Frameworks */,
				F92AFC3624D54CFC00A058CC /* Resources */,
			);
			buildRules = (
			);
			dependencies = (
				F92AFC3E24D54CFC00A058CC /* PBXTargetDependency */,
			);
			name = SwiftBeanCountDownloaderAppTests;
			productName = SwiftBeanCountDownloaderAppTests;
			productReference = F92AFC3824D54CFC00A058CC /* SwiftBeanCountDownloaderAppTests.xctest */;
			productType = "com.apple.product-type.bundle.unit-test";
		};
		F97C212924BC2297006C91C7 /* SwiftBeanCountDownloaderApp */ = {
			isa = PBXNativeTarget;
			buildConfigurationList = F97C213A24BC2299006C91C7 /* Build configuration list for PBXNativeTarget "SwiftBeanCountDownloaderApp" */;
			buildPhases = (
				F97B530D24BEDE6D00255DBA /* Swiftlint */,
				F97C212624BC2297006C91C7 /* Sources */,
				F97C212724BC2297006C91C7 /* Frameworks */,
				F97C212824BC2297006C91C7 /* Resources */,
			);
			buildRules = (
			);
			dependencies = (
			);
			name = SwiftBeanCountDownloaderApp;
			packageProductDependencies = (
				F97C215624BC36DB006C91C7 /* FileSelectorView */,
				F97B530B24BD917500255DBA /* KeychainAccess */,
				F9E8C6F124C41151000A2F66 /* SwiftBeanCountModel */,
				F9E8C6F624C41CAD000A2F66 /* SwiftBeanCountParser */,
				F9ECEF8424CE7555004E8CAC /* Wealthsimple */,
				F92AFC2424D549C000A058CC /* SwiftBeanCountWealthsimpleMapper */,
			);
			productName = SwiftBeanCountDownloaderApp;
			productReference = F97C212A24BC2297006C91C7 /* SwiftBeanCountDownloaderApp.app */;
			productType = "com.apple.product-type.application";
		};
/* End PBXNativeTarget section */

/* Begin PBXProject section */
		F97C212224BC2297006C91C7 /* Project object */ = {
			isa = PBXProject;
			attributes = {
				LastSwiftUpdateCheck = 1200;
				LastUpgradeCheck = 1200;
				TargetAttributes = {
					F92AFC2924D54CAA00A058CC = {
						CreatedOnToolsVersion = 12.0;
						TestTargetID = F97C212924BC2297006C91C7;
					};
					F92AFC3724D54CFC00A058CC = {
						CreatedOnToolsVersion = 12.0;
						TestTargetID = F97C212924BC2297006C91C7;
					};
					F97C212924BC2297006C91C7 = {
						CreatedOnToolsVersion = 12.0;
					};
				};
			};
			buildConfigurationList = F97C212524BC2297006C91C7 /* Build configuration list for PBXProject "SwiftBeanCountDownloaderApp" */;
			compatibilityVersion = "Xcode 9.3";
			developmentRegion = en;
			hasScannedForEncodings = 0;
			knownRegions = (
				en,
				Base,
			);
			mainGroup = F97C212124BC2297006C91C7;
			packageReferences = (
				F97C215524BC36DB006C91C7 /* XCRemoteSwiftPackageReference "FileSelectorView" */,
				F97B530724BD912600255DBA /* XCRemoteSwiftPackageReference "WealthsimpleDownloader" */,
				F97B530A24BD917500255DBA /* XCRemoteSwiftPackageReference "KeychainAccess" */,
				F9E8C6F024C41151000A2F66 /* XCRemoteSwiftPackageReference "SwiftBeanCountModel" */,
				F9E8C6F524C41CAD000A2F66 /* XCRemoteSwiftPackageReference "SwiftBeanCountParser" */,
				F92AFC2324D549C000A058CC /* XCRemoteSwiftPackageReference "SwiftBeanCountWealthsimpleMapper" */,
			);
			productRefGroup = F97C212B24BC2297006C91C7 /* Products */;
			projectDirPath = "";
			projectRoot = "";
			targets = (
				F97C212924BC2297006C91C7 /* SwiftBeanCountDownloaderApp */,
				F92AFC3724D54CFC00A058CC /* SwiftBeanCountDownloaderAppTests */,
				F92AFC2924D54CAA00A058CC /* SwiftBeanCountDownloaderAppUITests */,
			);
		};
/* End PBXProject section */

/* Begin PBXResourcesBuildPhase section */
		F92AFC2824D54CAA00A058CC /* Resources */ = {
			isa = PBXResourcesBuildPhase;
			buildActionMask = 2147483647;
			files = (
			);
			runOnlyForDeploymentPostprocessing = 0;
		};
		F92AFC3624D54CFC00A058CC /* Resources */ = {
			isa = PBXResourcesBuildPhase;
			buildActionMask = 2147483647;
			files = (
			);
			runOnlyForDeploymentPostprocessing = 0;
		};
		F97C212824BC2297006C91C7 /* Resources */ = {
			isa = PBXResourcesBuildPhase;
			buildActionMask = 2147483647;
			files = (
				F97C213224BC2299006C91C7 /* Assets.xcassets in Resources */,
			);
			runOnlyForDeploymentPostprocessing = 0;
		};
/* End PBXResourcesBuildPhase section */

/* Begin PBXShellScriptBuildPhase section */
		F97B530D24BEDE6D00255DBA /* Swiftlint */ = {
			isa = PBXShellScriptBuildPhase;
			buildActionMask = 2147483647;
			files = (
			);
			inputFileListPaths = (
			);
			inputPaths = (
			);
			name = Swiftlint;
			outputFileListPaths = (
			);
			outputPaths = (
			);
			runOnlyForDeploymentPostprocessing = 0;
			shellPath = /bin/sh;
			shellScript = "swiftlint --strict\n";
		};
/* End PBXShellScriptBuildPhase section */

/* Begin PBXSourcesBuildPhase section */
		F92AFC2624D54CAA00A058CC /* Sources */ = {
			isa = PBXSourcesBuildPhase;
			buildActionMask = 2147483647;
			files = (
				F92AFC2D24D54CAA00A058CC /* SwiftBeanCountDownloaderAppUITests.swift in Sources */,
			);
			runOnlyForDeploymentPostprocessing = 0;
		};
		F92AFC3424D54CFC00A058CC /* Sources */ = {
			isa = PBXSourcesBuildPhase;
			buildActionMask = 2147483647;
			files = (
				F92AFC3B24D54CFC00A058CC /* SwiftBeanCountDownloaderAppTests.swift in Sources */,
			);
			runOnlyForDeploymentPostprocessing = 0;
		};
		F97C212624BC2297006C91C7 /* Sources */ = {
			isa = PBXSourcesBuildPhase;
			buildActionMask = 2147483647;
			files = (
				F97B530F24BEDEA400255DBA /* Model.swift in Sources */,
				F97C213024BC2297006C91C7 /* ContentView.swift in Sources */,
				F97C212E24BC2297006C91C7 /* SwiftBeanCountDownloader.swift in Sources */,
			);
			runOnlyForDeploymentPostprocessing = 0;
		};
/* End PBXSourcesBuildPhase section */

/* Begin PBXTargetDependency section */
		F92AFC3024D54CAA00A058CC /* PBXTargetDependency */ = {
			isa = PBXTargetDependency;
			target = F97C212924BC2297006C91C7 /* SwiftBeanCountDownloaderApp */;
			targetProxy = F92AFC2F24D54CAA00A058CC /* PBXContainerItemProxy */;
		};
		F92AFC3E24D54CFC00A058CC /* PBXTargetDependency */ = {
			isa = PBXTargetDependency;
			target = F97C212924BC2297006C91C7 /* SwiftBeanCountDownloaderApp */;
			targetProxy = F92AFC3D24D54CFC00A058CC /* PBXContainerItemProxy */;
		};
/* End PBXTargetDependency section */

/* Begin XCBuildConfiguration section */
		F92AFC3224D54CAA00A058CC /* Debug */ = {
			isa = XCBuildConfiguration;
			buildSettings = {
				CODE_SIGN_IDENTITY = "-";
				CODE_SIGN_STYLE = Automatic;
				COMBINE_HIDPI_IMAGES = YES;
				DEVELOPMENT_TEAM = "";
				INFOPLIST_FILE = SwiftBeanCountDownloaderAppUITests/Info.plist;
				LD_RUNPATH_SEARCH_PATHS = (
					"$(inherited)",
					"@executable_path/../Frameworks",
					"@loader_path/../Frameworks",
				);
				MACOSX_DEPLOYMENT_TARGET = 11.0;
				PRODUCT_BUNDLE_IDENTIFIER = de.steffenkoette.SwiftBeanCountDownloaderAppUITests;
				PRODUCT_NAME = "$(TARGET_NAME)";
				SWIFT_VERSION = 5.0;
				TEST_TARGET_NAME = SwiftBeanCountDownloaderApp;
			};
			name = Debug;
		};
		F92AFC3324D54CAA00A058CC /* Release */ = {
			isa = XCBuildConfiguration;
			buildSettings = {
				CODE_SIGN_IDENTITY = "-";
				CODE_SIGN_STYLE = Automatic;
				COMBINE_HIDPI_IMAGES = YES;
				DEVELOPMENT_TEAM = "";
				INFOPLIST_FILE = SwiftBeanCountDownloaderAppUITests/Info.plist;
				LD_RUNPATH_SEARCH_PATHS = (
					"$(inherited)",
					"@executable_path/../Frameworks",
					"@loader_path/../Frameworks",
				);
				MACOSX_DEPLOYMENT_TARGET = 11.0;
				PRODUCT_BUNDLE_IDENTIFIER = de.steffenkoette.SwiftBeanCountDownloaderAppUITests;
				PRODUCT_NAME = "$(TARGET_NAME)";
				SWIFT_VERSION = 5.0;
				TEST_TARGET_NAME = SwiftBeanCountDownloaderApp;
			};
			name = Release;
		};
		F92AFC4024D54CFC00A058CC /* Debug */ = {
			isa = XCBuildConfiguration;
			buildSettings = {
				BUNDLE_LOADER = "$(TEST_HOST)";
				CODE_SIGN_STYLE = Automatic;
				COMBINE_HIDPI_IMAGES = YES;
				INFOPLIST_FILE = SwiftBeanCountDownloaderAppTests/Info.plist;
				LD_RUNPATH_SEARCH_PATHS = (
					"$(inherited)",
					"@executable_path/../Frameworks",
					"@loader_path/../Frameworks",
				);
				MACOSX_DEPLOYMENT_TARGET = 11.0;
				PRODUCT_BUNDLE_IDENTIFIER = com.github.nef10.SwiftBeanCountDownloaderAppTests;
				PRODUCT_NAME = "$(TARGET_NAME)";
				SWIFT_VERSION = 5.0;
				TEST_HOST = "$(BUILT_PRODUCTS_DIR)/SwiftBeanCountDownloaderApp.app/Contents/MacOS/SwiftBeanCountDownloaderApp";
			};
			name = Debug;
		};
		F92AFC4124D54CFC00A058CC /* Release */ = {
			isa = XCBuildConfiguration;
			buildSettings = {
				BUNDLE_LOADER = "$(TEST_HOST)";
				CODE_SIGN_STYLE = Automatic;
				COMBINE_HIDPI_IMAGES = YES;
				INFOPLIST_FILE = SwiftBeanCountDownloaderAppTests/Info.plist;
				LD_RUNPATH_SEARCH_PATHS = (
					"$(inherited)",
					"@executable_path/../Frameworks",
					"@loader_path/../Frameworks",
				);
				MACOSX_DEPLOYMENT_TARGET = 11.0;
				PRODUCT_BUNDLE_IDENTIFIER = com.github.nef10.SwiftBeanCountDownloaderAppTests;
				PRODUCT_NAME = "$(TARGET_NAME)";
				SWIFT_VERSION = 5.0;
				TEST_HOST = "$(BUILT_PRODUCTS_DIR)/SwiftBeanCountDownloaderApp.app/Contents/MacOS/SwiftBeanCountDownloaderApp";
			};
			name = Release;
		};
		F97C213824BC2299006C91C7 /* Debug */ = {
			isa = XCBuildConfiguration;
			buildSettings = {
				ALWAYS_SEARCH_USER_PATHS = NO;
				CLANG_ANALYZER_NONNULL = YES;
				CLANG_ANALYZER_NUMBER_OBJECT_CONVERSION = YES_AGGRESSIVE;
				CLANG_CXX_LANGUAGE_STANDARD = "gnu++14";
				CLANG_CXX_LIBRARY = "libc++";
				CLANG_ENABLE_MODULES = YES;
				CLANG_ENABLE_OBJC_ARC = YES;
				CLANG_ENABLE_OBJC_WEAK = YES;
				CLANG_WARN_BLOCK_CAPTURE_AUTORELEASING = YES;
				CLANG_WARN_BOOL_CONVERSION = YES;
				CLANG_WARN_COMMA = YES;
				CLANG_WARN_CONSTANT_CONVERSION = YES;
				CLANG_WARN_DEPRECATED_OBJC_IMPLEMENTATIONS = YES;
				CLANG_WARN_DIRECT_OBJC_ISA_USAGE = YES_ERROR;
				CLANG_WARN_DOCUMENTATION_COMMENTS = YES;
				CLANG_WARN_EMPTY_BODY = YES;
				CLANG_WARN_ENUM_CONVERSION = YES;
				CLANG_WARN_INFINITE_RECURSION = YES;
				CLANG_WARN_INT_CONVERSION = YES;
				CLANG_WARN_NON_LITERAL_NULL_CONVERSION = YES;
				CLANG_WARN_OBJC_IMPLICIT_RETAIN_SELF = YES;
				CLANG_WARN_OBJC_LITERAL_CONVERSION = YES;
				CLANG_WARN_OBJC_ROOT_CLASS = YES_ERROR;
				CLANG_WARN_QUOTED_INCLUDE_IN_FRAMEWORK_HEADER = YES;
				CLANG_WARN_RANGE_LOOP_ANALYSIS = YES;
				CLANG_WARN_STRICT_PROTOTYPES = YES;
				CLANG_WARN_SUSPICIOUS_MOVE = YES;
				CLANG_WARN_UNGUARDED_AVAILABILITY = YES_AGGRESSIVE;
				CLANG_WARN_UNREACHABLE_CODE = YES;
				CLANG_WARN__DUPLICATE_METHOD_MATCH = YES;
				COPY_PHASE_STRIP = NO;
				DEBUG_INFORMATION_FORMAT = dwarf;
				ENABLE_STRICT_OBJC_MSGSEND = YES;
				ENABLE_TESTABILITY = YES;
				GCC_C_LANGUAGE_STANDARD = gnu11;
				GCC_DYNAMIC_NO_PIC = NO;
				GCC_NO_COMMON_BLOCKS = YES;
				GCC_OPTIMIZATION_LEVEL = 0;
				GCC_PREPROCESSOR_DEFINITIONS = (
					"DEBUG=1",
					"$(inherited)",
				);
				GCC_WARN_64_TO_32_BIT_CONVERSION = YES;
				GCC_WARN_ABOUT_RETURN_TYPE = YES_ERROR;
				GCC_WARN_UNDECLARED_SELECTOR = YES;
				GCC_WARN_UNINITIALIZED_AUTOS = YES_AGGRESSIVE;
				GCC_WARN_UNUSED_FUNCTION = YES;
				GCC_WARN_UNUSED_VARIABLE = YES;
				MACOSX_DEPLOYMENT_TARGET = 11.0;
				MTL_ENABLE_DEBUG_INFO = INCLUDE_SOURCE;
				MTL_FAST_MATH = YES;
				ONLY_ACTIVE_ARCH = YES;
				SDKROOT = macosx;
				SWIFT_ACTIVE_COMPILATION_CONDITIONS = DEBUG;
				SWIFT_OPTIMIZATION_LEVEL = "-Onone";
			};
			name = Debug;
		};
		F97C213924BC2299006C91C7 /* Release */ = {
			isa = XCBuildConfiguration;
			buildSettings = {
				ALWAYS_SEARCH_USER_PATHS = NO;
				CLANG_ANALYZER_NONNULL = YES;
				CLANG_ANALYZER_NUMBER_OBJECT_CONVERSION = YES_AGGRESSIVE;
				CLANG_CXX_LANGUAGE_STANDARD = "gnu++14";
				CLANG_CXX_LIBRARY = "libc++";
				CLANG_ENABLE_MODULES = YES;
				CLANG_ENABLE_OBJC_ARC = YES;
				CLANG_ENABLE_OBJC_WEAK = YES;
				CLANG_WARN_BLOCK_CAPTURE_AUTORELEASING = YES;
				CLANG_WARN_BOOL_CONVERSION = YES;
				CLANG_WARN_COMMA = YES;
				CLANG_WARN_CONSTANT_CONVERSION = YES;
				CLANG_WARN_DEPRECATED_OBJC_IMPLEMENTATIONS = YES;
				CLANG_WARN_DIRECT_OBJC_ISA_USAGE = YES_ERROR;
				CLANG_WARN_DOCUMENTATION_COMMENTS = YES;
				CLANG_WARN_EMPTY_BODY = YES;
				CLANG_WARN_ENUM_CONVERSION = YES;
				CLANG_WARN_INFINITE_RECURSION = YES;
				CLANG_WARN_INT_CONVERSION = YES;
				CLANG_WARN_NON_LITERAL_NULL_CONVERSION = YES;
				CLANG_WARN_OBJC_IMPLICIT_RETAIN_SELF = YES;
				CLANG_WARN_OBJC_LITERAL_CONVERSION = YES;
				CLANG_WARN_OBJC_ROOT_CLASS = YES_ERROR;
				CLANG_WARN_QUOTED_INCLUDE_IN_FRAMEWORK_HEADER = YES;
				CLANG_WARN_RANGE_LOOP_ANALYSIS = YES;
				CLANG_WARN_STRICT_PROTOTYPES = YES;
				CLANG_WARN_SUSPICIOUS_MOVE = YES;
				CLANG_WARN_UNGUARDED_AVAILABILITY = YES_AGGRESSIVE;
				CLANG_WARN_UNREACHABLE_CODE = YES;
				CLANG_WARN__DUPLICATE_METHOD_MATCH = YES;
				COPY_PHASE_STRIP = NO;
				DEBUG_INFORMATION_FORMAT = "dwarf-with-dsym";
				ENABLE_NS_ASSERTIONS = NO;
				ENABLE_STRICT_OBJC_MSGSEND = YES;
				GCC_C_LANGUAGE_STANDARD = gnu11;
				GCC_NO_COMMON_BLOCKS = YES;
				GCC_WARN_64_TO_32_BIT_CONVERSION = YES;
				GCC_WARN_ABOUT_RETURN_TYPE = YES_ERROR;
				GCC_WARN_UNDECLARED_SELECTOR = YES;
				GCC_WARN_UNINITIALIZED_AUTOS = YES_AGGRESSIVE;
				GCC_WARN_UNUSED_FUNCTION = YES;
				GCC_WARN_UNUSED_VARIABLE = YES;
				MACOSX_DEPLOYMENT_TARGET = 11.0;
				MTL_ENABLE_DEBUG_INFO = NO;
				MTL_FAST_MATH = YES;
				SDKROOT = macosx;
				SWIFT_COMPILATION_MODE = wholemodule;
				SWIFT_OPTIMIZATION_LEVEL = "-O";
			};
			name = Release;
		};
		F97C213B24BC2299006C91C7 /* Debug */ = {
			isa = XCBuildConfiguration;
			buildSettings = {
				ASSETCATALOG_COMPILER_APPICON_NAME = AppIcon;
				ASSETCATALOG_COMPILER_GLOBAL_ACCENT_COLOR_NAME = AccentColor;
				CODE_SIGN_ENTITLEMENTS = SwiftBeanCountDownloaderApp/SwiftBeanCountDownloaderApp.entitlements;
				CODE_SIGN_IDENTITY = "-";
				CODE_SIGN_STYLE = Automatic;
				COMBINE_HIDPI_IMAGES = YES;
				DEVELOPMENT_ASSET_PATHS = "";
				ENABLE_PREVIEWS = YES;
				INFOPLIST_FILE = SwiftBeanCountDownloaderApp/Info.plist;
				LD_RUNPATH_SEARCH_PATHS = (
					"$(inherited)",
					"@executable_path/../Frameworks",
				);
				MACOSX_DEPLOYMENT_TARGET = 11.0;
				PRODUCT_BUNDLE_IDENTIFIER = com.github.nef10.SwiftBeanCountDownloaderApp;
				PRODUCT_NAME = "$(TARGET_NAME)";
				SWIFT_VERSION = 5.0;
			};
			name = Debug;
		};
		F97C213C24BC2299006C91C7 /* Release */ = {
			isa = XCBuildConfiguration;
			buildSettings = {
				ASSETCATALOG_COMPILER_APPICON_NAME = AppIcon;
				ASSETCATALOG_COMPILER_GLOBAL_ACCENT_COLOR_NAME = AccentColor;
				CODE_SIGN_ENTITLEMENTS = SwiftBeanCountDownloaderApp/SwiftBeanCountDownloaderApp.entitlements;
				CODE_SIGN_IDENTITY = "-";
				CODE_SIGN_STYLE = Automatic;
				COMBINE_HIDPI_IMAGES = YES;
				DEVELOPMENT_ASSET_PATHS = "";
				ENABLE_PREVIEWS = YES;
				INFOPLIST_FILE = SwiftBeanCountDownloaderApp/Info.plist;
				LD_RUNPATH_SEARCH_PATHS = (
					"$(inherited)",
					"@executable_path/../Frameworks",
				);
				MACOSX_DEPLOYMENT_TARGET = 11.0;
				PRODUCT_BUNDLE_IDENTIFIER = com.github.nef10.SwiftBeanCountDownloaderApp;
				PRODUCT_NAME = "$(TARGET_NAME)";
				SWIFT_VERSION = 5.0;
			};
			name = Release;
		};
/* End XCBuildConfiguration section */

/* Begin XCConfigurationList section */
		F92AFC3124D54CAA00A058CC /* Build configuration list for PBXNativeTarget "SwiftBeanCountDownloaderAppUITests" */ = {
			isa = XCConfigurationList;
			buildConfigurations = (
				F92AFC3224D54CAA00A058CC /* Debug */,
				F92AFC3324D54CAA00A058CC /* Release */,
			);
			defaultConfigurationIsVisible = 0;
			defaultConfigurationName = Release;
		};
		F92AFC3F24D54CFC00A058CC /* Build configuration list for PBXNativeTarget "SwiftBeanCountDownloaderAppTests" */ = {
			isa = XCConfigurationList;
			buildConfigurations = (
				F92AFC4024D54CFC00A058CC /* Debug */,
				F92AFC4124D54CFC00A058CC /* Release */,
			);
			defaultConfigurationIsVisible = 0;
			defaultConfigurationName = Release;
		};
		F97C212524BC2297006C91C7 /* Build configuration list for PBXProject "SwiftBeanCountDownloaderApp" */ = {
			isa = XCConfigurationList;
			buildConfigurations = (
				F97C213824BC2299006C91C7 /* Debug */,
				F97C213924BC2299006C91C7 /* Release */,
			);
			defaultConfigurationIsVisible = 0;
			defaultConfigurationName = Release;
		};
		F97C213A24BC2299006C91C7 /* Build configuration list for PBXNativeTarget "SwiftBeanCountDownloaderApp" */ = {
			isa = XCConfigurationList;
			buildConfigurations = (
				F97C213B24BC2299006C91C7 /* Debug */,
				F97C213C24BC2299006C91C7 /* Release */,
			);
			defaultConfigurationIsVisible = 0;
			defaultConfigurationName = Release;
		};
/* End XCConfigurationList section */

/* Begin XCRemoteSwiftPackageReference section */
		F92AFC2324D549C000A058CC /* XCRemoteSwiftPackageReference "SwiftBeanCountWealthsimpleMapper" */ = {
			isa = XCRemoteSwiftPackageReference;
			repositoryURL = "https://github.com/Nef10/SwiftBeanCountWealthsimpleMapper.git";
			requirement = {
				kind = upToNextMajorVersion;
				minimumVersion = 1.0.0;
			};
		};
		F97B530724BD912600255DBA /* XCRemoteSwiftPackageReference "WealthsimpleDownloader" */ = {
			isa = XCRemoteSwiftPackageReference;
			repositoryURL = "https://github.com/Nef10/WealthsimpleDownloader.git";
			requirement = {
				kind = upToNextMajorVersion;
				minimumVersion = 1.0.0;
			};
		};
		F97B530A24BD917500255DBA /* XCRemoteSwiftPackageReference "KeychainAccess" */ = {
			isa = XCRemoteSwiftPackageReference;
			repositoryURL = "https://github.com/kishikawakatsumi/KeychainAccess.git";
			requirement = {
				kind = upToNextMajorVersion;
				minimumVersion = 4.2.0;
			};
		};
		F97C215524BC36DB006C91C7 /* XCRemoteSwiftPackageReference "FileSelectorView" */ = {
			isa = XCRemoteSwiftPackageReference;
			repositoryURL = "https://github.com/Nef10/FileSelectorView.git";
			requirement = {
				kind = upToNextMajorVersion;
				minimumVersion = 1.0.0;
			};
		};
		F9E8C6F024C41151000A2F66 /* XCRemoteSwiftPackageReference "SwiftBeanCountModel" */ = {
			isa = XCRemoteSwiftPackageReference;
			repositoryURL = "https://github.com/Nef10/SwiftBeanCountModel.git";
			requirement = {
				kind = exactVersion;
				version = 0.1.6;
			};
		};
		F9E8C6F524C41CAD000A2F66 /* XCRemoteSwiftPackageReference "SwiftBeanCountParser" */ = {
			isa = XCRemoteSwiftPackageReference;
			repositoryURL = "https://github.com/Nef10/SwiftBeanCountParser.git";
			requirement = {
				kind = exactVersion;
				version = 0.1.8;
			};
		};
/* End XCRemoteSwiftPackageReference section */

/* Begin XCSwiftPackageProductDependency section */
		F92AFC2424D549C000A058CC /* SwiftBeanCountWealthsimpleMapper */ = {
			isa = XCSwiftPackageProductDependency;
			package = F92AFC2324D549C000A058CC /* XCRemoteSwiftPackageReference "SwiftBeanCountWealthsimpleMapper" */;
			productName = SwiftBeanCountWealthsimpleMapper;
		};
		F97B530B24BD917500255DBA /* KeychainAccess */ = {
			isa = XCSwiftPackageProductDependency;
			package = F97B530A24BD917500255DBA /* XCRemoteSwiftPackageReference "KeychainAccess" */;
			productName = KeychainAccess;
		};
		F97C215624BC36DB006C91C7 /* FileSelectorView */ = {
			isa = XCSwiftPackageProductDependency;
			package = F97C215524BC36DB006C91C7 /* XCRemoteSwiftPackageReference "FileSelectorView" */;
			productName = FileSelectorView;
		};
		F9E8C6F124C41151000A2F66 /* SwiftBeanCountModel */ = {
			isa = XCSwiftPackageProductDependency;
			package = F9E8C6F024C41151000A2F66 /* XCRemoteSwiftPackageReference "SwiftBeanCountModel" */;
			productName = SwiftBeanCountModel;
		};
		F9E8C6F624C41CAD000A2F66 /* SwiftBeanCountParser */ = {
			isa = XCSwiftPackageProductDependency;
			package = F9E8C6F524C41CAD000A2F66 /* XCRemoteSwiftPackageReference "SwiftBeanCountParser" */;
			productName = SwiftBeanCountParser;
		};
		F9ECEF8424CE7555004E8CAC /* Wealthsimple */ = {
			isa = XCSwiftPackageProductDependency;
			package = F97B530724BD912600255DBA /* XCRemoteSwiftPackageReference "WealthsimpleDownloader" */;
			productName = Wealthsimple;
		};
/* End XCSwiftPackageProductDependency section */
	};
	rootObject = F97C212224BC2297006C91C7 /* Project object */;
}
